{
  "nodes": {
    "crane": {
      "locked": {
        "lastModified": 1781825982,
        "narHash": "sha256-SlXKwIRIhrOSAcTjCB3ftPLzJWZStQIPS7J1FlZPnKk=",
        "owner": "ipetkov",
        "repo": "crane",
        "rev": "469fd08d0bcf6926321fa973c6777fbc87785dd7",
        "type": "github"
      },
      "original": {
        "owner": "ipetkov",
        "repo": "crane",
        "type": "github"
      }
    },
    "crane_2": {
      "flake": false,
      "locked": {
        "lastModified": 1727316705,
        "narHash": "sha256-/mumx8AQ5xFuCJqxCIOFCHTVlxHkMT21idpbgbm/TIE=",
        "owner": "ipetkov",
        "repo": "crane",
        "rev": "5b03654ce046b5167e7b0bccbd8244cb56c16f0e",
        "type": "github"
      },
      "original": {
        "owner": "ipetkov",
        "ref": "v0.19.0",
        "repo": "crane",
        "type": "github"
      }
    },
    "dream2nix": {
      "inputs": {
        "nixpkgs": [
          "nix-inspect",
          "nci",
          "nixpkgs"
        ],
        "purescript-overlay": "purescript-overlay",
        "pyproject-nix": "pyproject-nix"
      },
      "locked": {
        "lastModified": 1732214960,
        "narHash": "sha256-ViyEMSYwaza6y55XTDrsRi2K4YKCLsefMTorjWSE27s=",
        "owner": "nix-community",
        "repo": "dream2nix",
        "rev": "a8dac99db44307fdecead13a39c584b97812d0d4",
        "type": "github"
      },
      "original": {
        "owner": "nix-community",
        "repo": "dream2nix",
        "type": "github"
      }
    },
    "firefox": {
      "inputs": {
        "flake-compat": "flake-compat",
        "lib-aggregate": "lib-aggregate",
        "nixpkgs": [
          "nixpkgs"
        ]
      },
      "locked": {
        "lastModified": 1782149467,
        "narHash": "sha256-ikw04BnkCUUzAgr5QNkIJHdD01uhE08PfcNAwExnfOg=",
        "owner": "nix-community",
        "repo": "flake-firefox-nightly",
        "rev": "886fcd4c6570bcfc32d0902b7edba1477444c566",
        "type": "github"
      },
      "original": {
        "owner": "nix-community",
        "repo": "flake-firefox-nightly",
        "type": "github"
      }
    },
    "flake-compat": {
      "locked": {
        "lastModified": 1761640442,
        "narHash": "sha256-AtrEP6Jmdvrqiv4x2xa5mrtaIp3OEe8uBYCDZDS+hu8=",
        "owner": "nix-community",
        "repo": "flake-compat",
        "rev": "4a56054d8ffc173222d09dad23adf4ba946c8884",
        "type": "github"
      },
      "original": {
        "owner": "nix-community",
        "repo": "flake-compat",
        "type": "github"
      }
    },
    "flake-compat_2": {
      "flake": false,
      "locked": {
        "lastModified": 1767039857,
        "narHash": "sha256-vNpUSpF5Nuw8xvDLj2KCwwksIbjua2LZCqhV1LNRDns=",
        "owner": "NixOS",
        "repo": "flake-compat",
        "rev": "5edf11c44bc78a0d334f6334cdaf7d60d732daab",
        "type": "github"
      },
      "original": {
        "owner": "NixOS",
        "repo": "flake-compat",
        "type": "github"
      }
    },
    "flake-compat_3": {
      "flake": false,
      "locked": {
        "lastModified": 1696426674,
        "narHash": "sha256-kvjfFW7WAETZlt09AgDn1MrtKzP7t90Vf7vypd3OL1U=",
        "owner": "edolstra",
        "repo": "flake-compat",
        "rev": "0f9255e01c2351cc7d116c072cb317785dd33b33",
        "type": "github"
      },
      "original": {
        "owner": "edolstra",
        "repo": "flake-compat",
        "type": "github"
      }
    },
    "flake-parts": {
      "inputs": {
        "nixpkgs-lib": "nixpkgs-lib_2"
      },
      "locked": {
        "lastModified": 1778716662,
        "narHash": "sha256-m1Yf0wZ8j1OHjTc2UwHwyQRSnNeSgLJOd7q5Y45hzi4=",
        "owner": "hercules-ci",
        "repo": "flake-parts",
        "rev": "f7c1a2d347e4c52d5fb8d10cb4d94b5884e546fb",
        "type": "github"
      },
      "original": {
        "owner": "hercules-ci",
        "repo": "flake-parts",
        "type": "github"
      }
    },
    "flake-parts_2": {
      "inputs": {
        "nixpkgs-lib": [
          "nixvim",
          "nixpkgs"
        ]
      },
      "locked": {
        "lastModified": 1778716662,
        "narHash": "sha256-m1Yf0wZ8j1OHjTc2UwHwyQRSnNeSgLJOd7q5Y45hzi4=",
        "owner": "hercules-ci",
        "repo": "flake-parts",
        "rev": "f7c1a2d347e4c52d5fb8d10cb4d94b5884e546fb",
        "type": "github"
      },
      "original": {
        "owner": "hercules-ci",
        "repo": "flake-parts",
        "type": "github"
      }
    },
    "flake-parts_3": {
      "inputs": {
        "nixpkgs-lib": "nixpkgs-lib_3"
      },
      "locked": {
        "lastModified": 1778716662,
        "narHash": "sha256-m1Yf0wZ8j1OHjTc2UwHwyQRSnNeSgLJOd7q5Y45hzi4=",
        "owner": "hercules-ci",
        "repo": "flake-parts",
        "rev": "f7c1a2d347e4c52d5fb8d10cb4d94b5884e546fb",
        "type": "github"
      },
      "original": {
        "owner": "hercules-ci",
        "repo": "flake-parts",
        "type": "github"
      }
    },
    "flake-parts_4": {
      "inputs": {
        "nixpkgs-lib": [
          "own-nixvim",
          "nixvim",
          "nixpkgs"
        ]
      },
      "locked": {
        "lastModified": 1778716662,
        "narHash": "sha256-m1Yf0wZ8j1OHjTc2UwHwyQRSnNeSgLJOd7q5Y45hzi4=",
        "owner": "hercules-ci",
        "repo": "flake-parts",
        "rev": "f7c1a2d347e4c52d5fb8d10cb4d94b5884e546fb",
        "type": "github"
      },
      "original": {
        "owner": "hercules-ci",
        "repo": "flake-parts",
        "type": "github"
      }
    },
    "flake-utils": {
      "inputs": {
        "systems": "systems"
      },
      "locked": {
        "lastModified": 1731533236,
        "narHash": "sha256-l0KFg5HjrsfsO/JpG+r7fRrqm12kzFHyUHqHCVpMMbI=",
        "owner": "numtide",
        "repo": "flake-utils",
        "rev": "11707dc2f618dd54ca8739b309ec4fc024de578b",
        "type": "github"
      },
      "original": {
        "owner": "numtide",
        "repo": "flake-utils",
        "type": "github"
      }
    },
    "flake-utils_2": {
      "inputs": {
        "systems": "systems_2"
      },
      "locked": {
        "lastModified": 1731533236,
        "narHash": "sha256-l0KFg5HjrsfsO/JpG+r7fRrqm12kzFHyUHqHCVpMMbI=",
        "owner": "numtide",
        "repo": "flake-utils",
        "rev": "11707dc2f618dd54ca8739b309ec4fc024de578b",
        "type": "github"
      },
      "original": {
        "owner": "numtide",
        "ref": "main",
        "repo": "flake-utils",
        "type": "github"
      }
    },
    "gitignore": {
      "inputs": {
        "nixpkgs": [
          "lanzaboote",
          "pre-commit",
          "nixpkgs"
        ]
      },
      "locked": {
        "lastModified": 1709087332,
        "narHash": "sha256-HG2cCnktfHsKV0s4XW83gU3F57gaTljL9KNSuG6bnQs=",
        "owner": "hercules-ci",
        "repo": "gitignore.nix",
        "rev": "637db329424fd7e46cf4185293b9cc8c88c95394",
        "type": "github"
      },
      "original": {
        "owner": "hercules-ci",
        "repo": "gitignore.nix",
        "type": "github"
      }
    },
    "home-manager": {
      "inputs": {
        "nixpkgs": [
          "nixpkgs"
        ]
      },
      "locked": {
        "lastModified": 1782149703,
        "narHash": "sha256-TeWfxQyrpy4Stm0V7clyhQVnsErEVSCYxl3WKeLq58E=",
        "owner": "nix-community",
        "repo": "home-manager",
        "rev": "66eb0fc116a8ffce4810e09500d002d7b3ac254a",
        "type": "github"
      },
      "original": {
        "owner": "nix-community",
        "ref": "master",
        "repo": "home-manager",
        "type": "github"
      }
    },
    "home-manager_2": {
      "inputs": {
        "nixpkgs": [
          "impermanence",
          "nixpkgs"
        ]
      },
      "locked": {
        "lastModified": 1768598210,
        "narHash": "sha256-kkgA32s/f4jaa4UG+2f8C225Qvclxnqs76mf8zvTVPg=",
        "owner": "nix-community",
        "repo": "home-manager",
        "rev": "c47b2cc64a629f8e075de52e4742de688f930dc6",
        "type": "github"
      },
      "original": {
        "owner": "nix-community",
        "repo": "home-manager",
        "type": "github"
      }
    },
    "impermanence": {
      "inputs": {
        "home-manager": "home-manager_2",
        "nixpkgs": "nixpkgs"
      },
      "locked": {
        "lastModified": 1769548169,
        "narHash": "sha256-03+JxvzmfwRu+5JafM0DLbxgHttOQZkUtDWBmeUkN8Y=",
        "owner": "nix-community",
        "repo": "impermanence",
        "rev": "7b1d382faf603b6d264f58627330f9faa5cba149",
        "type": "github"
      },
      "original": {
        "owner": "nix-community",
        "repo": "impermanence",
        "type": "github"
      }
    },
    "jellarr": {
      "inputs": {
        "flake-parts": "flake-parts",
        "nixpkgs": [
          "nixpkgs"
        ],
        "systems": "systems_3",
        "treefmt-nix": "treefmt-nix"
      },
      "locked": {
        "lastModified": 1779591413,
        "narHash": "sha256-Ne8qXUSnosNmJYDot5jJIHNGv0be/f9oLkBNAKeR7TY=",
        "owner": "venkyr77",
        "repo": "jellarr",
        "rev": "b9fd2ae4526c4d832e6b22e20f1cf979f0e9bbaf",
        "type": "github"
      },
      "original": {
        "owner": "venkyr77",
        "ref": "v0.1.1",
        "repo": "jellarr",
        "type": "github"
      }
    },
    "lanzaboote": {
      "inputs": {
        "crane": "crane",
        "nixpkgs": [
          "nixpkgs"
        ],
        "pre-commit": "pre-commit",
        "rust-overlay": "rust-overlay"
      },
      "locked": {
        "lastModified": 1782141370,
        "narHash": "sha256-hqijVSEETttmo8Okql9/LG0Ua34hdciKW1a5zzlj8mU=",
        "owner": "nix-community",
        "repo": "lanzaboote",
        "rev": "7c9a54a7f87b4539ddbd8bda09a8a5f5f9361aa9",
        "type": "github"
      },
      "original": {
        "owner": "nix-community",
        "ref": "v1.1.0",
        "repo": "lanzaboote",
        "type": "github"
      }
    },
    "lib-aggregate": {
      "inputs": {
        "flake-utils": "flake-utils",
        "nixpkgs-lib": "nixpkgs-lib"
      },
      "locked": {
        "lastModified": 1782051522,
        "narHash": "sha256-45VZixBM3606DSmvus47JZYr8Aq3LkSDYan4sqi7KBc=",
        "owner": "nix-community",
        "repo": "lib-aggregate",
        "rev": "89fd755403086a06198fc77a3fd993b7f4ab3ea8",
        "type": "github"
      },
      "original": {
        "owner": "nix-community",
        "repo": "lib-aggregate",
        "type": "github"
      }
    },
    "mk-naked-shell": {
      "flake": false,
      "locked": {
        "lastModified": 1681286841,
        "narHash": "sha256-3XlJrwlR0nBiREnuogoa5i1b4+w/XPe0z8bbrJASw0g=",
        "owner": "yusdacra",
        "repo": "mk-naked-shell",
        "rev": "7612f828dd6f22b7fb332cc69440e839d7ffe6bd",
        "type": "github"
      },
      "original": {
        "owner": "yusdacra",
        "repo": "mk-naked-shell",
        "type": "github"
      }
    },
    "nc4nix": {
      "flake": false,
      "locked": {
        "lastModified": 1782147849,
        "narHash": "sha256-DB1K8+gKJL9KZrjnVsj3OLEugEMH/PD22qz/f7UicMU=",
        "owner": "helsinki-systems",
        "repo": "nc4nix",
        "rev": "5d9dabb063abb2a2490bbbb75e8a1fc758daf457",
        "type": "github"
      },
      "original": {
        "owner": "helsinki-systems",
        "repo": "nc4nix",
        "type": "github"
      }
    },
    "nci": {
      "inputs": {
        "crane": "crane_2",
        "dream2nix": "dream2nix",
        "mk-naked-shell": "mk-naked-shell",
        "nixpkgs": [
          "nix-inspect",
          "nixpkgs"
        ],
        "parts": "parts",
        "rust-overlay": "rust-overlay_2",
        "treefmt": "treefmt"
      },
      "locked": {
        "lastModified": 1732342495,
        "narHash": "sha256-7qfvmnJQByEtl5bS+rTydLCe3Saz9kMRaJxPCdqb1wQ=",
        "owner": "yusdacra",
        "repo": "nix-cargo-integration",
        "rev": "ae9de2d06519a3bb26b649e1c0d1cfa22c20dc0e",
        "type": "github"
      },
      "original": {
        "owner": "yusdacra",
        "repo": "nix-cargo-integration",
        "type": "github"
      }
    },
    "nix-inspect": {
      "inputs": {
        "nci": "nci",
        "nixpkgs": [
          "nixpkgs"
        ],
        "parts": "parts_2"
      },
      "locked": {
        "lastModified": 1733357226,
        "narHash": "sha256-ArwdTtlIje7yOTblkZs4aQ1+HBtEwJKkfKOiA9tY8nA=",
        "owner": "bluskript",
        "repo": "nix-inspect",
        "rev": "2938c8e94acca6a7f1569f478cac6ddc4877558e",
        "type": "github"
      },
      "original": {
        "owner": "bluskript",
        "repo": "nix-inspect",
        "type": "github"
      }
    },
    "nixpkgs": {
      "locked": {
        "lastModified": 1768564909,
        "narHash": "sha256-Kell/SpJYVkHWMvnhqJz/8DqQg2b6PguxVWOuadbHCc=",
        "owner": "nixos",
        "repo": "nixpkgs",
        "rev": "e4bae1bd10c9c57b2cf517953ab70060a828ee6f",
        "type": "github"
      },
      "original": {
        "owner": "nixos",
        "ref": "nixos-unstable",
        "repo": "nixpkgs",
        "type": "github"
      }
    },
    "nixpkgs-lib": {
      "locked": {
        "lastModified": 1782010777,
        "narHash": "sha256-s4FQtsk7FyKMG9GshEPqEu+y5xjMWtVSIYe5+ReKw+o=",
        "owner": "nix-community",
        "repo": "nixpkgs.lib",
        "rev": "2b737a461ddaf811dd6f684701d53da3f7c4ff5c",
        "type": "github"
      },
      "original": {
        "owner": "nix-community",
        "repo": "nixpkgs.lib",
        "type": "github"
      }
    },
    "nixpkgs-lib_2": {
      "locked": {
        "lastModified": 1777168982,
        "narHash": "sha256-GOkGPcboWE9BmGCRMLX3worL4EMnsnG8MyKmXNeYuhQ=",
        "owner": "nix-community",
        "repo": "nixpkgs.lib",
        "rev": "f5901329dade4a6ea039af1433fb087bd9c1fe14",
        "type": "github"
      },
      "original": {
        "owner": "nix-community",
        "repo": "nixpkgs.lib",
        "type": "github"
      }
    },
    "nixpkgs-lib_3": {
      "locked": {
        "lastModified": 1777168982,
        "narHash": "sha256-GOkGPcboWE9BmGCRMLX3worL4EMnsnG8MyKmXNeYuhQ=",
        "owner": "nix-community",
        "repo": "nixpkgs.lib",
        "rev": "f5901329dade4a6ea039af1433fb087bd9c1fe14",
        "type": "github"
      },
      "original": {
        "owner": "nix-community",
        "repo": "nixpkgs.lib",
        "type": "github"
      }
    },
    "nixpkgs-stable": {
      "locked": {
        "lastModified": 1781577229,
        "narHash": "sha256-lrp67w8AulE9Ks53n27I45ADSzbOCn4H+CNW1Ck8B+8=",
        "owner": "nixos",
        "repo": "nixpkgs",
        "rev": "567a49d1913ce81ac6e9582e3553dd90a955875f",
        "type": "github"
      },
      "original": {
        "owner": "nixos",
        "ref": "nixos-unstable",
        "repo": "nixpkgs",
        "type": "github"
      }
    },
    "nixpkgs_2": {
      "locked": {
        "lastModified": 1782145344,
        "narHash": "sha256-8cz8/2hWTYdsPcpqWXa/IAkyjw1xBv3tx2UPNzkpe3c=",
        "owner": "nixos",
        "repo": "nixpkgs",
        "rev": "8dc49b8b206a683d1f6605e0fd993c0f5d49c98d",
        "type": "github"
      },
      "original": {
        "owner": "nixos",
        "ref": "nixos-unstable-small",
        "repo": "nixpkgs",
        "type": "github"
      }
    },
    "nixpkgs_3": {
      "locked": {
        "lastModified": 1781607440,
        "narHash": "sha256-rxO+uc/KFbSJp+pgyXRuAX6QlG9hJdnt0BXpEQRXY+U=",
        "owner": "NixOS",
        "repo": "nixpkgs",
        "rev": "3e41b24abd260e8f71dbe2f5737d24122f972158",
        "type": "github"
      },
      "original": {
        "owner": "NixOS",
        "ref": "nixpkgs-unstable",
        "repo": "nixpkgs",
        "type": "github"
      }
    },
    "nixpkgs_4": {
      "locked": {
        "lastModified": 1780030872,
        "narHash": "sha256-u6WU/yd/o8iYQrHX3RAwO1hYa3LkoSL+WNQD0rJfJZQ=",
        "owner": "NixOS",
        "repo": "nixpkgs",
        "rev": "e9a7635a57597d9754eccebdfc7045e6c8600e6b",
        "type": "github"
      },
      "original": {
        "owner": "NixOS",
        "ref": "nixpkgs-unstable",
        "repo": "nixpkgs",
        "type": "github"
      }
    },
    "nixvim": {
      "inputs": {
        "flake-parts": "flake-parts_2",
        "nixpkgs": "nixpkgs_3",
        "systems": "systems_4"
      },
      "locked": {
        "lastModified": 1782145918,
        "narHash": "sha256-xYx+9aM7JzFSy7F5xCnbMgDlzjRFxoXbRl+eL4rcfMQ=",
        "owner": "nix-community",
        "repo": "nixvim",
        "rev": "7f813fc7a6a2f92103208a69a98d6afa24f5bb23",
        "type": "github"
      },
      "original": {
        "owner": "nix-community",
        "repo": "nixvim",
        "type": "github"
      }
    },
    "nixvim_2": {
      "inputs": {
        "flake-parts": "flake-parts_4",
        "nixpkgs": "nixpkgs_4",
        "systems": "systems_5"
      },
      "locked": {
        "lastModified": 1780235872,
        "narHash": "sha256-/TTVFhJQ5StCOrRFO+5NfSkYPSbAAekwymovcQzxNgE=",
        "owner": "nix-community",
        "repo": "nixvim",
        "rev": "e5c7b40dc569f5c97ba2182d409f0fb54c02d7c1",
        "type": "github"
      },
      "original": {
        "owner": "nix-community",
        "repo": "nixvim",
        "type": "github"
      }
    },
    "own-nixvim": {
      "inputs": {
        "flake-parts": "flake-parts_3",
        "nixpkgs": [
          "nixpkgs"
        ],
        "nixvim": "nixvim_2"
      },
      "locked": {
        "lastModified": 1780319898,
        "narHash": "sha256-SNgoVuALUiUxsdfUTvRoSd2JNIXwUjDgziz24n8CwMI=",
        "owner": "a4blue",
        "repo": "own-nixvim",
        "rev": "e57e153231e0d80dc643a462a37784d8c8bdc224",
        "type": "github"
      },
      "original": {
        "owner": "a4blue",
        "repo": "own-nixvim",
        "type": "github"
      }
    },
    "parts": {
      "inputs": {
        "nixpkgs-lib": [
          "nix-inspect",
          "nci",
          "nixpkgs"
        ]
      },
      "locked": {
        "lastModified": 1730504689,
        "narHash": "sha256-hgmguH29K2fvs9szpq2r3pz2/8cJd2LPS+b4tfNFCwE=",
        "owner": "hercules-ci",
        "repo": "flake-parts",
        "rev": "506278e768c2a08bec68eb62932193e341f55c90",
        "type": "github"
      },
      "original": {
        "owner": "hercules-ci",
        "repo": "flake-parts",
        "type": "github"
      }
    },
    "parts_2": {
      "inputs": {
        "nixpkgs-lib": [
          "nix-inspect",
          "nixpkgs"
        ]
      },
      "locked": {
        "lastModified": 1730504689,
        "narHash": "sha256-hgmguH29K2fvs9szpq2r3pz2/8cJd2LPS+b4tfNFCwE=",
        "owner": "hercules-ci",
        "repo": "flake-parts",
        "rev": "506278e768c2a08bec68eb62932193e341f55c90",
        "type": "github"
      },
      "original": {
        "owner": "hercules-ci",
        "repo": "flake-parts",
        "type": "github"
      }
    },
    "plasma-manager": {
      "inputs": {
        "home-manager": [
          "home-manager"
        ],
        "nixpkgs": [
          "nixpkgs"
        ]
      },
      "locked": {
        "lastModified": 1775856943,
        "narHash": "sha256-b7Mp7P+q2Md5AGt4rjHfMcBykzMumFTen10ST++AuTU=",
        "owner": "nix-community",
        "repo": "plasma-manager",
        "rev": "a524a6160e6df89f7673ba293cf7d78b559eb1a5",
        "type": "github"
      },
      "original": {
        "owner": "nix-community",
        "repo": "plasma-manager",
        "type": "github"
      }
    },
    "pre-commit": {
      "inputs": {
        "flake-compat": "flake-compat_2",
        "gitignore": "gitignore",
        "nixpkgs": [
          "lanzaboote",
          "nixpkgs"
        ]
      },
      "locked": {
        "lastModified": 1781733627,
        "narHash": "sha256-U3yTuGBnmXvXoQI3qkpfEDsn9RovQPAjN7ndRco+3u0=",
        "owner": "cachix",
        "repo": "pre-commit-hooks.nix",
        "rev": "3bbec39bc90eadfa031e6f3b77272f3f60803e39",
        "type": "github"
      },
      "original": {
        "owner": "cachix",
        "repo": "pre-commit-hooks.nix",
        "type": "github"
      }
    },
    "proton-manager": {
      "inputs": {
        "home-manager": [
          "home-manager"
        ],
        "nixpkgs": [
          "nixpkgs"
        ]
      },
      "locked": {
        "lastModified": 1775571180,
        "narHash": "sha256-uGkvoIMzbMqNziWDOnm2xBf6bqkCF3Ty9nY/iUS96AE=",
        "owner": "a4blue",
        "repo": "proton-manager",
        "rev": "d47173a3cae0f07db54812bb5915eb6c54424292",
        "type": "github"
      },
      "original": {
        "owner": "a4blue",
        "repo": "proton-manager",
        "type": "github"
      }
    },
    "purescript-overlay": {
      "inputs": {
        "flake-compat": "flake-compat_3",
        "nixpkgs": [
          "nix-inspect",
          "nci",
          "dream2nix",
          "nixpkgs"
        ],
        "slimlock": "slimlock"
      },
      "locked": {
        "lastModified": 1728546539,
        "narHash": "sha256-Sws7w0tlnjD+Bjck1nv29NjC5DbL6nH5auL9Ex9Iz2A=",
        "owner": "thomashoneyman",
        "repo": "purescript-overlay",
        "rev": "4ad4c15d07bd899d7346b331f377606631eb0ee4",
        "type": "github"
      },
      "original": {
        "owner": "thomashoneyman",
        "repo": "purescript-overlay",
        "type": "github"
      }
    },
    "pyproject-nix": {
      "flake": false,
      "locked": {
        "lastModified": 1702448246,
        "narHash": "sha256-hFg5s/hoJFv7tDpiGvEvXP0UfFvFEDgTdyHIjDVHu1I=",
        "owner": "davhau",
        "repo": "pyproject.nix",
        "rev": "5a06a2697b228c04dd2f35659b4b659ca74f7aeb",
        "type": "github"
      },
      "original": {
        "owner": "davhau",
        "ref": "dream2nix",
        "repo": "pyproject.nix",
        "type": "github"
      }
    },
    "root": {
      "inputs": {
        "firefox": "firefox",
        "flake-utils": "flake-utils_2",
        "home-manager": "home-manager",
        "impermanence": "impermanence",
        "jellarr": "jellarr",
        "lanzaboote": "lanzaboote",
        "nc4nix": "nc4nix",
        "nix-inspect": "nix-inspect",
        "nixpkgs": "nixpkgs_2",
        "nixpkgs-stable": "nixpkgs-stable",
        "nixvim": "nixvim",
        "own-nixvim": "own-nixvim",
        "plasma-manager": "plasma-manager",
        "proton-manager": "proton-manager",
        "sops-nix": "sops-nix",
        "stash-update": "stash-update"
      }
    },
    "rust-overlay": {
      "inputs": {
        "nixpkgs": [
          "lanzaboote",
          "nixpkgs"
        ]
      },
      "locked": {
        "lastModified": 1782012058,
        "narHash": "sha256-9mWUnReOUXfKjZuJAL/bAFH3LUyECTRtXgSNVjRw3UY=",
        "owner": "oxalica",
        "repo": "rust-overlay",
        "rev": "8534567325bd8a8d2928e6afd81e0a87d19efd3c",
        "type": "github"
      },
      "original": {
        "owner": "oxalica",
        "repo": "rust-overlay",
        "type": "github"
      }
    },
    "rust-overlay_2": {
      "inputs": {
        "nixpkgs": [
          "nix-inspect",
          "nci",
          "nixpkgs"
        ]
      },
      "locked": {
        "lastModified": 1732328983,
        "narHash": "sha256-RHt12f/slrzDpSL7SSkydh8wUE4Nr4r23HlpWywed9E=",
        "owner": "oxalica",
        "repo": "rust-overlay",
        "rev": "ed8aa5b64f7d36d9338eb1d0a3bb60cf52069a72",
        "type": "github"
      },
      "original": {
        "owner": "oxalica",
        "repo": "rust-overlay",
        "type": "github"
      }
    },
    "slimlock": {
      "inputs": {
        "nixpkgs": [
          "nix-inspect",
          "nci",
          "dream2nix",
          "purescript-overlay",
          "nixpkgs"
        ]
      },
      "locked": {
        "lastModified": 1688756706,
        "narHash": "sha256-xzkkMv3neJJJ89zo3o2ojp7nFeaZc2G0fYwNXNJRFlo=",
        "owner": "thomashoneyman",
        "repo": "slimlock",
        "rev": "cf72723f59e2340d24881fd7bf61cb113b4c407c",
        "type": "github"
      },
      "original": {
        "owner": "thomashoneyman",
        "repo": "slimlock",
        "type": "github"
      }
    },
    "sops-nix": {
      "inputs": {
        "nixpkgs": [
          "nixpkgs"
        ]
      },
      "locked": {
        "lastModified": 1781943681,
        "narHash": "sha256-NFHmA7H47adqiyp+0iEOyZOQhmigDqA/NBAlf4imB6U=",
        "owner": "Mic92",
        "repo": "sops-nix",
        "rev": "420f8d2e9882911f65cfac15cc706f639ba96cca",
        "type": "github"
      },
      "original": {
        "owner": "Mic92",
        "repo": "sops-nix",
        "type": "github"
      }
    },
    "stash-update": {
      "locked": {
        "lastModified": 1777122277,
        "narHash": "sha256-KYMIBWzuUV6xhyP01DdMT0wv+pG9ZFJH0ep4s8d3n5I=",
        "owner": "a4blue",
        "repo": "nixpkgs",
        "rev": "e115a193173bab0096e8b4004aaed048465475f0",
        "type": "github"
      },
      "original": {
        "owner": "a4blue",
        "ref": "stash-update-0.31.1",
        "repo": "nixpkgs",
        "type": "github"
      }
    },
    "systems": {
      "locked": {
        "lastModified": 1681028828,
        "narHash": "sha256-Vy1rq5AaRuLzOxct8nz4T6wlgyUR7zLU309k9mBC768=",
        "owner": "nix-systems",
        "repo": "default",
        "rev": "da67096a3b9bf56a91d16901293e51ba5b49a27e",
        "type": "github"
      },
      "original": {
        "owner": "nix-systems",
        "repo": "default",
        "type": "github"
      }
    },
    "systems_2": {
      "locked": {
        "lastModified": 1681028828,
        "narHash": "sha256-Vy1rq5AaRuLzOxct8nz4T6wlgyUR7zLU309k9mBC768=",
        "owner": "nix-systems",
        "repo": "default",
        "rev": "da67096a3b9bf56a91d16901293e51ba5b49a27e",
        "type": "github"
      },
      "original": {
        "owner": "nix-systems",
        "repo": "default",
        "type": "github"
      }
    },
    "systems_3": {
      "locked": {
        "lastModified": 1681028828,
        "narHash": "sha256-Vy1rq5AaRuLzOxct8nz4T6wlgyUR7zLU309k9mBC768=",
        "owner": "nix-systems",
        "repo": "default",
        "rev": "da67096a3b9bf56a91d16901293e51ba5b49a27e",
        "type": "github"
      },
      "original": {
        "owner": "nix-systems",
        "repo": "default",
        "type": "github"
      }
    },
    "systems_4": {
      "locked": {
        "lastModified": 1774449309,
        "narHash": "sha256-brhZ8DmuGtzkCYHJg4HEd602amKm89Y9ytsFZ5uWD1w=",
        "owner": "nix-systems",
        "repo": "default",
        "rev": "c29398b59d2048c4ab79345812849c9bd15e9150",
        "type": "github"
      },
      "original": {
        "owner": "nix-systems",
        "ref": "future-26.11",
        "repo": "default",
        "type": "github"
      }
    },
    "systems_5": {
      "locked": {
        "lastModified": 1774449309,
        "narHash": "sha256-brhZ8DmuGtzkCYHJg4HEd602amKm89Y9ytsFZ5uWD1w=",
        "owner": "nix-systems",
        "repo": "default",
        "rev": "c29398b59d2048c4ab79345812849c9bd15e9150",
        "type": "github"
      },
      "original": {
        "owner": "nix-systems",
        "ref": "future-26.11",
        "repo": "default",
        "type": "github"
      }
    },
    "treefmt": {
      "inputs": {
        "nixpkgs": [
          "nix-inspect",
          "nci",
          "nixpkgs"
        ]
      },
      "locked": {
        "lastModified": 1732292307,
        "narHash": "sha256-5WSng844vXt8uytT5djmqBCkopyle6ciFgteuA9bJpw=",
        "owner": "numtide",
        "repo": "treefmt-nix",
        "rev": "705df92694af7093dfbb27109ce16d828a79155f",
        "type": "github"
      },
      "original": {
        "owner": "numtide",
        "repo": "treefmt-nix",
        "type": "github"
      }
    },
    "treefmt-nix": {
      "inputs": {
        "nixpkgs": [
          "jellarr",
          "nixpkgs"
        ]
      },
      "locked": {
        "lastModified": 1775636079,
        "narHash": "sha256-pc20NRoMdiar8oPQceQT47UUZMBTiMdUuWrYu2obUP0=",
        "owner": "numtide",
        "repo": "treefmt-nix",
        "rev": "790751ff7fd3801feeaf96d7dc416a8d581265ba",
        "type": "github"
      },
      "original": {
        "owner": "numtide",
        "repo": "treefmt-nix",
        "type": "github"
      }
    }
  },
  "root": "root",
  "version": 7
}
