{
  "nodes": {
    "disko": {
      "inputs": {
        "nixpkgs": [
          "nixpkgs"
        ]
      },
      "locked": {
        "lastModified": 1712612224,
        "narHash": "sha256-Tv4C8OSPVmm4LbpJGLFSODyvJy6DqrisEGPCQdNVOeY=",
        "owner": "nix-community",
        "repo": "disko",
        "rev": "79eab0e82cb126bf4ac170f44af82479f0895ab5",
        "type": "github"
      },
      "original": {
        "owner": "nix-community",
        "repo": "disko",
        "type": "github"
      }
    },
    "flake-utils": {
      "inputs": {
        "systems": "systems"
      },
      "locked": {
        "lastModified": 1710146030,
        "narHash": "sha256-SZ5L6eA7HJ/nmkzGG7/ISclqe6oZdOZTNoesiInkXPQ=",
        "owner": "numtide",
        "repo": "flake-utils",
        "rev": "b1d9ab70662946ef0850d488da1c9019f3a9752a",
        "type": "github"
      },
      "original": {
        "owner": "numtide",
        "ref": "main",
        "repo": "flake-utils",
        "type": "github"
      }
    },
    "home-manager": {
      "inputs": {
        "nixpkgs": [
          "nixpkgs"
        ]
      },
      "locked": {
        "lastModified": 1712688495,
        "narHash": "sha256-NrVLXkpT9ZigiI8md6NIzHS+3lE4QTj30IgXG57O9iM=",
        "owner": "nix-community",
        "repo": "home-manager",
        "rev": "b00d0e4fe9cba0047f54e77418ddda5f17e6ef2c",
        "type": "github"
      },
      "original": {
        "owner": "nix-community",
        "ref": "master",
        "repo": "home-manager",
        "type": "github"
      }
    },
    "impermanence": {
      "locked": {
        "lastModified": 1708968331,
        "narHash": "sha256-VUXLaPusCBvwM3zhGbRIJVeYluh2uWuqtj4WirQ1L9Y=",
        "owner": "nix-community",
        "repo": "impermanence",
        "rev": "a33ef102a02ce77d3e39c25197664b7a636f9c30",
        "type": "github"
      },
      "original": {
        "owner": "nix-community",
        "repo": "impermanence",
        "type": "github"
      }
    },
    "nixpkgs": {
      "locked": {
        "lastModified": 1712608508,
        "narHash": "sha256-vMZ5603yU0wxgyQeHJryOI+O61yrX2AHwY6LOFyV1gM=",
        "owner": "nixos",
        "repo": "nixpkgs",
        "rev": "4cba8b53da471aea2ab2b0c1f30a81e7c451f4b6",
        "type": "github"
      },
      "original": {
        "owner": "nixos",
        "ref": "nixos-unstable",
        "repo": "nixpkgs",
        "type": "github"
      }
    },
    "nixpkgs-stable": {
      "locked": {
        "lastModified": 1712437997,
        "narHash": "sha256-g0whLLwRvgO2FsyhY8fNk+TWenS3jg5UdlWL4uqgFeo=",
        "owner": "NixOS",
        "repo": "nixpkgs",
        "rev": "e38d7cb66ea4f7a0eb6681920615dfcc30fc2920",
        "type": "github"
      },
      "original": {
        "owner": "NixOS",
        "ref": "release-23.11",
        "repo": "nixpkgs",
        "type": "github"
      }
    },
    "root": {
      "inputs": {
        "disko": "disko",
        "flake-utils": "flake-utils",
        "home-manager": "home-manager",
        "impermanence": "impermanence",
        "nixpkgs": "nixpkgs",
        "sops-nix": "sops-nix"
      }
    },
    "sops-nix": {
      "inputs": {
        "nixpkgs": [
          "nixpkgs"
        ],
        "nixpkgs-stable": "nixpkgs-stable"
      },
      "locked": {
        "lastModified": 1712617241,
        "narHash": "sha256-a4hbls4vlLRMciv62YrYT/Xs/3Cubce8WFHPUDWwzf8=",
        "owner": "Mic92",
        "repo": "sops-nix",
        "rev": "538c114cfdf1f0458f507087b1dcf018ce1c0c4c",
        "type": "github"
      },
      "original": {
        "owner": "Mic92",
        "repo": "sops-nix",
        "type": "github"
      }
    },
    "systems": {
      "locked": {
        "lastModified": 1681028828,
        "narHash": "sha256-Vy1rq5AaRuLzOxct8nz4T6wlgyUR7zLU309k9mBC768=",
        "owner": "nix-systems",
        "repo": "default",
        "rev": "da67096a3b9bf56a91d16901293e51ba5b49a27e",
        "type": "github"
      },
      "original": {
        "owner": "nix-systems",
        "repo": "default",
        "type": "github"
      }
    }
  },
  "root": "root",
  "version": 7
}
